
Microsoft Visual Studio Solution File, Format Version 12.00
# Visual Studio Version 17
VisualStudioVersion = 17.3.32901.215
MinimumVisualStudioVersion = 10.0.40219.1
Project("{9A19103F-16F7-4668-BE54-9A1E7A4F7556}") = "MVVM_Learn", "MVVM_Learn.csproj", "{57B407E8-3FBA-4ABB-8E2A-21EC8A8A70D3}"
EndProject
Project("{9A19103F-16F7-4668-BE54-9A1E7A4F7556}") = "Command1", "..\Command1\Command1.csproj", "{3713A636-98DF-4FF5-A061-84312D0F0298}"
EndProject
Project("{9A19103F-16F7-4668-BE54-9A1E7A4F7556}") = "CloneApp", "..\CloneApp\CloneApp.csproj", "{517A091A-71D1-4585-98C7-95FD5C5FDC18}"
EndProject
Project("{FAE04EC0-301F-11D3-BF4B-00C04F79EFBC}") = "BInding", "..\BInding\BInding.csproj", "{9F966123-BDD7-4930-8242-14CCA3D34F14}"
EndProject
Global
	GlobalSection(SolutionConfigurationPlatforms) = preSolution
		Debug|Any CPU = Debug|Any CPU
		Release|Any CPU = Release|Any CPU
	EndGlobalSection
	GlobalSection(ProjectConfigurationPlatforms) = postSolution
		{57B407E8-3FBA-4ABB-8E2A-21EC8A8A70D3}.Debug|Any CPU.ActiveCfg = Debug|Any CPU
		{57B407E8-3FBA-4ABB-8E2A-21EC8A8A70D3}.Debug|Any CPU.Build.0 = Debug|Any CPU
		{57B407E8-3FBA-4ABB-8E2A-21EC8A8A70D3}.Release|Any CPU.ActiveCfg = Release|Any CPU
		{57B407E8-3FBA-4ABB-8E2A-21EC8A8A70D3}.Release|Any CPU.Build.0 = Release|Any CPU
		{3713A636-98DF-4FF5-A061-84312D0F0298}.Debug|Any CPU.ActiveCfg = Debug|Any CPU
		{3713A636-98DF-4FF5-A061-84312D0F0298}.Debug|Any CPU.Build.0 = Debug|Any CPU
		{3713A636-98DF-4FF5-A061-84312D0F0298}.Release|Any CPU.ActiveCfg = Release|Any CPU
		{3713A636-98DF-4FF5-A061-84312D0F0298}.Release|Any CPU.Build.0 = Release|Any CPU
		{517A091A-71D1-4585-98C7-95FD5C5FDC18}.Debug|Any CPU.ActiveCfg = Debug|Any CPU
		{517A091A-71D1-4585-98C7-95FD5C5FDC18}.Debug|Any CPU.Build.0 = Debug|Any CPU
		{517A091A-71D1-4585-98C7-95FD5C5FDC18}.Release|Any CPU.ActiveCfg = Release|Any CPU
		{517A091A-71D1-4585-98C7-95FD5C5FDC18}.Release|Any CPU.Build.0 = Release|Any CPU
		{9F966123-BDD7-4930-8242-14CCA3D34F14}.Debug|Any CPU.ActiveCfg = Debug|Any CPU
		{9F966123-BDD7-4930-8242-14CCA3D34F14}.Debug|Any CPU.Build.0 = Debug|Any CPU
		{9F966123-BDD7-4930-8242-14CCA3D34F14}.Release|Any CPU.ActiveCfg = Release|Any CPU
		{9F966123-BDD7-4930-8242-14CCA3D34F14}.Release|Any CPU.Build.0 = Release|Any CPU
	EndGlobalSection
	GlobalSection(SolutionProperties) = preSolution
		HideSolutionNode = FALSE
	EndGlobalSection
	GlobalSection(ExtensibilityGlobals) = postSolution
		SolutionGuid = {2AB29E83-B841-427A-834F-03E03204EE52}
	EndGlobalSection
EndGlobal
