
Microsoft Visual Studio Solution File, Format Version 12.00
# Visual Studio Version 17
VisualStudioVersion = 17.3.32901.215
MinimumVisualStudioVersion = 10.0.40219.1
Project("{FAE04EC0-301F-11D3-BF4B-00C04F79EFBC}") = "SampleLoginApp", "SampleLoginApp.csproj", "{92DB6422-5C85-42E1-AC1E-CE97179A108A}"
EndProject
Global
	GlobalSection(SolutionConfigurationPlatforms) = preSolution
		Debug|Any CPU = Debug|Any CPU
		Release|Any CPU = Release|Any CPU
	EndGlobalSection
	GlobalSection(ProjectConfigurationPlatforms) = postSolution
		{92DB6422-5C85-42E1-AC1E-CE97179A108A}.Debug|Any CPU.ActiveCfg = Debug|Any CPU
		{92DB6422-5C85-42E1-AC1E-CE97179A108A}.Debug|Any CPU.Build.0 = Debug|Any CPU
		{92DB6422-5C85-42E1-AC1E-CE97179A108A}.Release|Any CPU.ActiveCfg = Release|Any CPU
		{92DB6422-5C85-42E1-AC1E-CE97179A108A}.Release|Any CPU.Build.0 = Release|Any CPU
	EndGlobalSection
	GlobalSection(SolutionProperties) = preSolution
		HideSolutionNode = FALSE
	EndGlobalSection
	GlobalSection(ExtensibilityGlobals) = postSolution
		SolutionGuid = {FF59C479-6E70-403A-AB93-75CA986AB9E4}
	EndGlobalSection
EndGlobal
