
Microsoft Visual Studio Solution File, Format Version 12.00
# Visual Studio Version 17
VisualStudioVersion = 17.3.32901.215
MinimumVisualStudioVersion = 10.0.40219.1
Project("{FAE04EC0-301F-11D3-BF4B-00C04F79EFBC}") = "NavigationDI", "NavigationDI.csproj", "{66D8209D-E604-4370-8242-1C2A4B169418}"
EndProject
Global
	GlobalSection(SolutionConfigurationPlatforms) = preSolution
		Debug|Any CPU = Debug|Any CPU
		Release|Any CPU = Release|Any CPU
	EndGlobalSection
	GlobalSection(ProjectConfigurationPlatforms) = postSolution
		{66D8209D-E604-4370-8242-1C2A4B169418}.Debug|Any CPU.ActiveCfg = Debug|Any CPU
		{66D8209D-E604-4370-8242-1C2A4B169418}.Debug|Any CPU.Build.0 = Debug|Any CPU
		{66D8209D-E604-4370-8242-1C2A4B169418}.Release|Any CPU.ActiveCfg = Release|Any CPU
		{66D8209D-E604-4370-8242-1C2A4B169418}.Release|Any CPU.Build.0 = Release|Any CPU
	EndGlobalSection
	GlobalSection(SolutionProperties) = preSolution
		HideSolutionNode = FALSE
	EndGlobalSection
	GlobalSection(ExtensibilityGlobals) = postSolution
		SolutionGuid = {662AF479-7BE2-470D-B04C-85DEF72FF3F9}
	EndGlobalSection
EndGlobal
