
Microsoft Visual Studio Solution File, Format Version 12.00
# Visual Studio Version 17
VisualStudioVersion = 17.3.32901.215
MinimumVisualStudioVersion = 10.0.40219.1
Project("{FAE04EC0-301F-11D3-BF4B-00C04F79EFBC}") = "TextBox", "TextBox.csproj", "{A81866F6-4CB8-4ED8-AF53-45D60A40135C}"
EndProject
Global
	GlobalSection(SolutionConfigurationPlatforms) = preSolution
		Debug|Any CPU = Debug|Any CPU
		Release|Any CPU = Release|Any CPU
	EndGlobalSection
	GlobalSection(ProjectConfigurationPlatforms) = postSolution
		{A81866F6-4CB8-4ED8-AF53-45D60A40135C}.Debug|Any CPU.ActiveCfg = Debug|Any CPU
		{A81866F6-4CB8-4ED8-AF53-45D60A40135C}.Debug|Any CPU.Build.0 = Debug|Any CPU
		{A81866F6-4CB8-4ED8-AF53-45D60A40135C}.Release|Any CPU.ActiveCfg = Release|Any CPU
		{A81866F6-4CB8-4ED8-AF53-45D60A40135C}.Release|Any CPU.Build.0 = Release|Any CPU
	EndGlobalSection
	GlobalSection(SolutionProperties) = preSolution
		HideSolutionNode = FALSE
	EndGlobalSection
	GlobalSection(ExtensibilityGlobals) = postSolution
		SolutionGuid = {03BC2A41-D1D6-48AE-A2A9-DAA969201835}
	EndGlobalSection
EndGlobal
